
Microsoft Visual Studio Solution File, Format Version 12.00
# Visual Studio Version 17
VisualStudioVersion = 17.9.34728.123
MinimumVisualStudioVersion = 10.0.40219.1
Project("{FAE04EC0-301F-11D3-BF4B-00C04F79EFBC}") = "ClothesStore", "ClothesStore\ClothesStore.csproj", "{016E44F8-D4F4-45C9-B165-901C735B871A}"
EndProject
Global
	GlobalSection(SolutionConfigurationPlatforms) = preSolution
		Debug|Any CPU = Debug|Any CPU
		Release|Any CPU = Release|Any CPU
	EndGlobalSection
	GlobalSection(ProjectConfigurationPlatforms) = postSolution
		{016E44F8-D4F4-45C9-B165-901C735B871A}.Debug|Any CPU.ActiveCfg = Debug|Any CPU
		{016E44F8-D4F4-45C9-B165-901C735B871A}.Debug|Any CPU.Build.0 = Debug|Any CPU
		{016E44F8-D4F4-45C9-B165-901C735B871A}.Release|Any CPU.ActiveCfg = Release|Any CPU
		{016E44F8-D4F4-45C9-B165-901C735B871A}.Release|Any CPU.Build.0 = Release|Any CPU
	EndGlobalSection
	GlobalSection(SolutionProperties) = preSolution
		HideSolutionNode = FALSE
	EndGlobalSection
	GlobalSection(ExtensibilityGlobals) = postSolution
		SolutionGuid = {C9F7B3D5-A3B4-4360-A3D0-DFE35F95BA40}
	EndGlobalSection
EndGlobal
